PODS:
  - BigInt (3.1.0):
    - SipHash (~> 1.2)
  - Charts (3.2.2):
    - Charts/Core (= 3.2.2)
  - Charts/Core (3.2.2)
  - CryptoSwift (0.11.0)
  - ICONKit (0.3.1):
    - BigInt
    - CryptoSwift (~> 0.11.0)
    - Result
    - scrypt
    - secp256k1_ios (~> 0.1.3)
  - Result (4.1.0)
  - RxCocoa (4.5.0):
    - RxSwift (>= 4.4.2, ~> 4.4)
  - RxSwift (4.5.0)
  - RxTheme (3.3.0):
    - RxCocoa (>= 4.4.2, ~> 4.4)
    - RxSwift (>= 4.4.2, ~> 4.4)
  - scrypt (2.0):
    - CryptoSwift (~> 0.11)
  - secp256k1_ios (0.1.3)
  - SipHash (1.2.2)

DEPENDENCIES:
  - BigInt
  - Charts
  - ICONKit (~> 0.3.0)
  - RxCocoa (~> 4.0)
  - RxSwift (~> 4.0)
  - RxTheme (~> 3.0)

SPEC REPOS:
  https://github.com/cocoapods/specs.git:
    - BigInt
    - Charts
    - CryptoSwift
    - ICONKit
    - Result
    - RxCocoa
    - RxSwift
    - RxTheme
    - scrypt
    - secp256k1_ios
    - SipHash

SPEC CHECKSUMS:
  BigInt: 76b5dfdfa3e2e478d4ffdf161aeede5502e2742f
  Charts: f69cf0518b6d1d62608ca504248f1bbe0b6ae77e
  CryptoSwift: ad5208dd2aae0a764ea4ce2c2d34bd067cae67f0
  ICONKit: 1e73834efe4a73f0e9574688b7b17b098948da33
  Result: bd966fac789cc6c1563440b348ab2598cc24d5c7
  RxCocoa: cbf70265dc65a981d4ac982e513c10cf23df24a0
  RxSwift: f172070dfd1a93d70a9ab97a5a01166206e1c575
  RxTheme: 40fdcdeba539402beface070d8472e8d0db78d66
  scrypt: 3fe5b1a3b0976f97cd87488673a8f7c65708cc84
  secp256k1_ios: ac9ef04e761f43c58012b28548afa91493761f17
  SipHash: fad90a4683e420c52ef28063063dbbce248ea6d4

PODFILE CHECKSUM: eb665cdb1ba0fb994e68419418b2f25b02be0768

COCOAPODS: 1.5.3
