PODS:
  - AcknowList (1.9.2)
  - BigInt (5.0.0)
  - Charts (3.4.0):
    - Charts/Core (= 3.4.0)
  - Charts/Core (3.4.0)
  - CryptoSwift (1.1.3)
  - Differentiator (3.1.0)
  - ICONKit (0.4.1):
    - BigInt
    - CryptoSwift
    - secp256k1_swift
  - RxCocoa (4.5.0):
    - RxSwift (>= 4.4.2, ~> 4.4)
  - RxDataSources (3.1.0):
    - Differentiator (~> 3.0)
    - RxCocoa (~> 4.0)
    - RxSwift (~> 4.0)
  - RxSwift (4.5.0)
  - secp256k1_swift (1.0.3)

DEPENDENCIES:
  - AcknowList
  - Charts
  - ICONKit (from `https://github.com/icon-project/ICONKit`, branch `develop`)
  - RxCocoa (~> 4.0)
  - RxDataSources (~> 3.0)
  - RxSwift (~> 4.0)

SPEC REPOS:
  trunk:
    - AcknowList
    - BigInt
    - Charts
    - CryptoSwift
    - Differentiator
    - RxCocoa
    - RxDataSources
    - RxSwift
    - secp256k1_swift

EXTERNAL SOURCES:
  ICONKit:
    :branch: develop
    :git: https://github.com/icon-project/ICONKit

CHECKOUT OPTIONS:
  ICONKit:
    :commit: e9c4a4ebda439a4cba11c70cbf2da245c26725c0
    :git: https://github.com/icon-project/ICONKit

SPEC CHECKSUMS:
  AcknowList: 164431f4c3da64b0c867f5fcda24558e6283cbcf
  BigInt: 74b4d88367b0e819d9f77393549226d36faeb0d8
  Charts: 74c9f256eaf0460c0c416522d1cf8c634ea6b286
  CryptoSwift: 6b6e488df0598b3e9fa49254ed1a65e8c1b1e10b
  Differentiator: be49ca3408f0ecfc761e4c7763d20c62be01b9ad
  ICONKit: a7ed1fe7988b1403d65989c678daf07e176fd105
  RxCocoa: cbf70265dc65a981d4ac982e513c10cf23df24a0
  RxDataSources: a843bad90c29817f5923ec8163f4af2de084ceb3
  RxSwift: f172070dfd1a93d70a9ab97a5a01166206e1c575
  secp256k1_swift: 4fc5c4b2d2c6d21ee8ccb868cdc92da12f38bed9

PODFILE CHECKSUM: 49b12c591f623888853dfba36899cf4843eaa347

COCOAPODS: 1.8.1
