// !$*UTF8*$!
{
	archiveVersion = 1;
	classes = {
	};
	objectVersion = 50;
	objects = {

/* Begin PBXBuildFile section */
		1B1DA157225C3CFF00338383 /* SettingTabViewController.swift in Sources */ = {isa = PBXBuildFile; fileRef = 1B1DA156225C3CFF00338383 /* SettingTabViewController.swift */; };
		1B1DA159225C3D1900338383 /* SettingTab.storyboard in Resources */ = {isa = PBXBuildFile; fileRef = 1B1DA158225C3D1900338383 /* SettingTab.storyboard */; };
		1B1DA15C225C3E4000338383 /* SettingViewModel.swift in Sources */ = {isa = PBXBuildFile; fileRef = 1B1DA15B225C3E4000338383 /* SettingViewModel.swift */; };
		1B1DA15E225C488D00338383 /* SettingTabTableViewCell.swift in Sources */ = {isa = PBXBuildFile; fileRef = 1B1DA15D225C488D00338383 /* SettingTabTableViewCell.swift */; };
		1B1DA160225C69C700338383 /* Theme.swift in Sources */ = {isa = PBXBuildFile; fileRef = 1B1DA15F225C69C700338383 /* Theme.swift */; };
		1B1EA6372256E2A600371478 /* ChooseNetwork.storyboard in Resources */ = {isa = PBXBuildFile; fileRef = 1B1EA6362256E2A600371478 /* ChooseNetwork.storyboard */; };
		1B1EA6392256E45300371478 /* ChooseNetworkViewController.swift in Sources */ = {isa = PBXBuildFile; fileRef = 1B1EA6382256E45300371478 /* ChooseNetworkViewController.swift */; };
		1B1EA63D2256E49500371478 /* ChooseNetworkViewModel.swift in Sources */ = {isa = PBXBuildFile; fileRef = 1B1EA63C2256E49500371478 /* ChooseNetworkViewModel.swift */; };
		1B244E86224CA01700415791 /* AppDelegate.swift in Sources */ = {isa = PBXBuildFile; fileRef = 1B244E85224CA01700415791 /* AppDelegate.swift */; };
		1B244E8B224CA01700415791 /* Main.storyboard in Resources */ = {isa = PBXBuildFile; fileRef = 1B244E89224CA01700415791 /* Main.storyboard */; };
		1B244E8D224CA01A00415791 /* Assets.xcassets in Resources */ = {isa = PBXBuildFile; fileRef = 1B244E8C224CA01A00415791 /* Assets.xcassets */; };
		1B244E90224CA01A00415791 /* LaunchScreen.storyboard in Resources */ = {isa = PBXBuildFile; fileRef = 1B244E8E224CA01A00415791 /* LaunchScreen.storyboard */; };
		1B3FFA7D22781E5C005D7A32 /* ChildATableViewCell.swift in Sources */ = {isa = PBXBuildFile; fileRef = 1B3FFA7C22781E5C005D7A32 /* ChildATableViewCell.swift */; };
		1B9D32032266E40300E40981 /* ChildAViewController.swift in Sources */ = {isa = PBXBuildFile; fileRef = 1B9D32022266E40300E40981 /* ChildAViewController.swift */; };
		1B9D32052266E9A800E40981 /* ChildBViewController.swift in Sources */ = {isa = PBXBuildFile; fileRef = 1B9D32042266E9A800E40981 /* ChildBViewController.swift */; };
		1BBFF8FC22531CDD00471174 /* Response.swift in Sources */ = {isa = PBXBuildFile; fileRef = 1BBFF8FB22531CDC00471174 /* Response.swift */; };
		1BD290E6226D88E600C5855E /* TransactionDetailViewController.swift in Sources */ = {isa = PBXBuildFile; fileRef = 1BD290E5226D88E600C5855E /* TransactionDetailViewController.swift */; };
		1BD290E8226D8A9B00C5855E /* TransactionDetailViewModel.swift in Sources */ = {isa = PBXBuildFile; fileRef = 1BD290E7226D8A9B00C5855E /* TransactionDetailViewModel.swift */; };
		1BD290EB226DB20900C5855E /* TransactionDetail.storyboard in Resources */ = {isa = PBXBuildFile; fileRef = 1BD290EA226DB20800C5855E /* TransactionDetail.storyboard */; };
		1BD96A94226EB70E0062D575 /* ChildBTableViewCell.swift in Sources */ = {isa = PBXBuildFile; fileRef = 1BD96A93226EB70E0062D575 /* ChildBTableViewCell.swift */; };
		1BE00658227ADA8100095F25 /* BlockDetailViewController.swift in Sources */ = {isa = PBXBuildFile; fileRef = 1BE00657227ADA8100095F25 /* BlockDetailViewController.swift */; };
		1BE0065A227ADA9000095F25 /* BlockDetail.storyboard in Resources */ = {isa = PBXBuildFile; fileRef = 1BE00659227ADA9000095F25 /* BlockDetail.storyboard */; };
		1BE0065E227ADFCF00095F25 /* BlockDetailViewModel.swift in Sources */ = {isa = PBXBuildFile; fileRef = 1BE0065D227ADFCF00095F25 /* BlockDetailViewModel.swift */; };
		1BE53B842255A9B200AC6397 /* Error.swift in Sources */ = {isa = PBXBuildFile; fileRef = 1BE53B832255A9B200AC6397 /* Error.swift */; };
		1BE53B882255D04700AC6397 /* TransactionViewModel.swift in Sources */ = {isa = PBXBuildFile; fileRef = 1BE53B872255D04700AC6397 /* TransactionViewModel.swift */; };
		1BEFED23224DBA2900CCDD1F /* URL.swift in Sources */ = {isa = PBXBuildFile; fileRef = 1BEFED22224DBA2900CCDD1F /* URL.swift */; };
		1BEFED25224DC5C200CCDD1F /* TransactionTab.storyboard in Resources */ = {isa = PBXBuildFile; fileRef = 1BEFED24224DC5C200CCDD1F /* TransactionTab.storyboard */; };
		1BEFED29224DDAE900CCDD1F /* Requests.swift in Sources */ = {isa = PBXBuildFile; fileRef = 1BEFED28224DDAE900CCDD1F /* Requests.swift */; };
		1BF335A22251CEBB00A1F2D8 /* TransactionTabViewController.swift in Sources */ = {isa = PBXBuildFile; fileRef = 1BF335A12251CEBB00A1F2D8 /* TransactionTabViewController.swift */; };
		1BF335A42251D29700A1F2D8 /* Utils.swift in Sources */ = {isa = PBXBuildFile; fileRef = 1BF335A32251D29700A1F2D8 /* Utils.swift */; };
		1BF335A62251EDD300A1F2D8 /* TrackerResponse.swift in Sources */ = {isa = PBXBuildFile; fileRef = 1BF335A52251EDD300A1F2D8 /* TrackerResponse.swift */; };
		1BF335A82251FD9500A1F2D8 /* Logger.swift in Sources */ = {isa = PBXBuildFile; fileRef = 1BF335A72251FD9500A1F2D8 /* Logger.swift */; };
		1BF57143228143F600BFF318 /* BlockDetailTableViewCell.swift in Sources */ = {isa = PBXBuildFile; fileRef = 1BF57142228143F600BFF318 /* BlockDetailTableViewCell.swift */; };
		732D2689F192FC8BDD05A13F /* Pods_ICON_tracker.framework in Frameworks */ = {isa = PBXBuildFile; fileRef = 3060F336CAD11B0064FF47F0 /* Pods_ICON_tracker.framework */; };
/* End PBXBuildFile section */

/* Begin PBXFileReference section */
		162776705E959FC628F9C55E /* Pods-ICON-tracker.release.xcconfig */ = {isa = PBXFileReference; includeInIndex = 1; lastKnownFileType = text.xcconfig; name = "Pods-ICON-tracker.release.xcconfig"; path = "Pods/Target Support Files/Pods-ICON-tracker/Pods-ICON-tracker.release.xcconfig"; sourceTree = "<group>"; };
		1B1DA156225C3CFF00338383 /* SettingTabViewController.swift */ = {isa = PBXFileReference; lastKnownFileType = sourcecode.swift; path = SettingTabViewController.swift; sourceTree = "<group>"; };
		1B1DA158225C3D1900338383 /* SettingTab.storyboard */ = {isa = PBXFileReference; lastKnownFileType = file.storyboard; path = SettingTab.storyboard; sourceTree = "<group>"; };
		1B1DA15B225C3E4000338383 /* SettingViewModel.swift */ = {isa = PBXFileReference; lastKnownFileType = sourcecode.swift; path = SettingViewModel.swift; sourceTree = "<group>"; };
		1B1DA15D225C488D00338383 /* SettingTabTableViewCell.swift */ = {isa = PBXFileReference; lastKnownFileType = sourcecode.swift; path = SettingTabTableViewCell.swift; sourceTree = "<group>"; };
		1B1DA15F225C69C700338383 /* Theme.swift */ = {isa = PBXFileReference; lastKnownFileType = sourcecode.swift; path = Theme.swift; sourceTree = "<group>"; };
		1B1EA6362256E2A600371478 /* ChooseNetwork.storyboard */ = {isa = PBXFileReference; lastKnownFileType = file.storyboard; path = ChooseNetwork.storyboard; sourceTree = "<group>"; };
		1B1EA6382256E45300371478 /* ChooseNetworkViewController.swift */ = {isa = PBXFileReference; lastKnownFileType = sourcecode.swift; path = ChooseNetworkViewController.swift; sourceTree = "<group>"; };
		1B1EA63C2256E49500371478 /* ChooseNetworkViewModel.swift */ = {isa = PBXFileReference; lastKnownFileType = sourcecode.swift; path = ChooseNetworkViewModel.swift; sourceTree = "<group>"; };
		1B244E82224CA01700415791 /* ICON-tracker.app */ = {isa = PBXFileReference; explicitFileType = wrapper.application; includeInIndex = 0; path = "ICON-tracker.app"; sourceTree = BUILT_PRODUCTS_DIR; };
		1B244E85224CA01700415791 /* AppDelegate.swift */ = {isa = PBXFileReference; lastKnownFileType = sourcecode.swift; path = AppDelegate.swift; sourceTree = "<group>"; };
		1B244E8A224CA01700415791 /* Base */ = {isa = PBXFileReference; lastKnownFileType = file.storyboard; name = Base; path = Base.lproj/Main.storyboard; sourceTree = "<group>"; };
		1B244E8C224CA01A00415791 /* Assets.xcassets */ = {isa = PBXFileReference; lastKnownFileType = folder.assetcatalog; path = Assets.xcassets; sourceTree = "<group>"; };
		1B244E8F224CA01A00415791 /* Base */ = {isa = PBXFileReference; lastKnownFileType = file.storyboard; name = Base; path = Base.lproj/LaunchScreen.storyboard; sourceTree = "<group>"; };
		1B244E91224CA01A00415791 /* Info.plist */ = {isa = PBXFileReference; lastKnownFileType = text.plist.xml; path = Info.plist; sourceTree = "<group>"; };
		1B3FFA7C22781E5C005D7A32 /* ChildATableViewCell.swift */ = {isa = PBXFileReference; lastKnownFileType = sourcecode.swift; path = ChildATableViewCell.swift; sourceTree = "<group>"; };
		1B9D32022266E40300E40981 /* ChildAViewController.swift */ = {isa = PBXFileReference; lastKnownFileType = sourcecode.swift; path = ChildAViewController.swift; sourceTree = "<group>"; };
		1B9D32042266E9A800E40981 /* ChildBViewController.swift */ = {isa = PBXFileReference; lastKnownFileType = sourcecode.swift; path = ChildBViewController.swift; sourceTree = "<group>"; };
		1BBFF8FB22531CDC00471174 /* Response.swift */ = {isa = PBXFileReference; lastKnownFileType = sourcecode.swift; path = Response.swift; sourceTree = "<group>"; };
		1BD290E5226D88E600C5855E /* TransactionDetailViewController.swift */ = {isa = PBXFileReference; lastKnownFileType = sourcecode.swift; path = TransactionDetailViewController.swift; sourceTree = "<group>"; };
		1BD290E7226D8A9B00C5855E /* TransactionDetailViewModel.swift */ = {isa = PBXFileReference; lastKnownFileType = sourcecode.swift; path = TransactionDetailViewModel.swift; sourceTree = "<group>"; };
		1BD290EA226DB20800C5855E /* TransactionDetail.storyboard */ = {isa = PBXFileReference; lastKnownFileType = file.storyboard; path = TransactionDetail.storyboard; sourceTree = "<group>"; };
		1BD96A93226EB70E0062D575 /* ChildBTableViewCell.swift */ = {isa = PBXFileReference; lastKnownFileType = sourcecode.swift; path = ChildBTableViewCell.swift; sourceTree = "<group>"; };
		1BE00657227ADA8100095F25 /* BlockDetailViewController.swift */ = {isa = PBXFileReference; lastKnownFileType = sourcecode.swift; path = BlockDetailViewController.swift; sourceTree = "<group>"; };
		1BE00659227ADA9000095F25 /* BlockDetail.storyboard */ = {isa = PBXFileReference; lastKnownFileType = file.storyboard; path = BlockDetail.storyboard; sourceTree = "<group>"; };
		1BE0065D227ADFCF00095F25 /* BlockDetailViewModel.swift */ = {isa = PBXFileReference; lastKnownFileType = sourcecode.swift; path = BlockDetailViewModel.swift; sourceTree = "<group>"; };
		1BE53B832255A9B200AC6397 /* Error.swift */ = {isa = PBXFileReference; lastKnownFileType = sourcecode.swift; path = Error.swift; sourceTree = "<group>"; };
		1BE53B872255D04700AC6397 /* TransactionViewModel.swift */ = {isa = PBXFileReference; lastKnownFileType = sourcecode.swift; path = TransactionViewModel.swift; sourceTree = "<group>"; };
		1BEFED22224DBA2900CCDD1F /* URL.swift */ = {isa = PBXFileReference; lastKnownFileType = sourcecode.swift; path = URL.swift; sourceTree = "<group>"; };
		1BEFED24224DC5C200CCDD1F /* TransactionTab.storyboard */ = {isa = PBXFileReference; lastKnownFileType = file.storyboard; path = TransactionTab.storyboard; sourceTree = "<group>"; };
		1BEFED28224DDAE900CCDD1F /* Requests.swift */ = {isa = PBXFileReference; lastKnownFileType = sourcecode.swift; path = Requests.swift; sourceTree = "<group>"; };
		1BF335A12251CEBB00A1F2D8 /* TransactionTabViewController.swift */ = {isa = PBXFileReference; lastKnownFileType = sourcecode.swift; path = TransactionTabViewController.swift; sourceTree = "<group>"; };
		1BF335A32251D29700A1F2D8 /* Utils.swift */ = {isa = PBXFileReference; lastKnownFileType = sourcecode.swift; path = Utils.swift; sourceTree = "<group>"; };
		1BF335A52251EDD300A1F2D8 /* TrackerResponse.swift */ = {isa = PBXFileReference; lastKnownFileType = sourcecode.swift; path = TrackerResponse.swift; sourceTree = "<group>"; };
		1BF335A72251FD9500A1F2D8 /* Logger.swift */ = {isa = PBXFileReference; lastKnownFileType = sourcecode.swift; path = Logger.swift; sourceTree = "<group>"; };
		1BF57142228143F600BFF318 /* BlockDetailTableViewCell.swift */ = {isa = PBXFileReference; lastKnownFileType = sourcecode.swift; path = BlockDetailTableViewCell.swift; sourceTree = "<group>"; };
		3060F336CAD11B0064FF47F0 /* Pods_ICON_tracker.framework */ = {isa = PBXFileReference; explicitFileType = wrapper.framework; includeInIndex = 0; path = Pods_ICON_tracker.framework; sourceTree = BUILT_PRODUCTS_DIR; };
		32F4959DDAF2580F6CB19470 /* Pods-ICON-tracker.debug.xcconfig */ = {isa = PBXFileReference; includeInIndex = 1; lastKnownFileType = text.xcconfig; name = "Pods-ICON-tracker.debug.xcconfig"; path = "Pods/Target Support Files/Pods-ICON-tracker/Pods-ICON-tracker.debug.xcconfig"; sourceTree = "<group>"; };
/* End PBXFileReference section */

/* Begin PBXFrameworksBuildPhase section */
		1B244E7F224CA01700415791 /* Frameworks */ = {
			isa = PBXFrameworksBuildPhase;
			buildActionMask = 2147483647;
			files = (
				732D2689F192FC8BDD05A13F /* Pods_ICON_tracker.framework in Frameworks */,
			);
			runOnlyForDeploymentPostprocessing = 0;
		};
/* End PBXFrameworksBuildPhase section */

/* Begin PBXGroup section */
		1B244E79224CA01700415791 = {
			isa = PBXGroup;
			children = (
				1B244E84224CA01700415791 /* ICON-tracker */,
				1B244E83224CA01700415791 /* Products */,
				77D7DE165EF9C77BBE9572CD /* Pods */,
				D3AA5EB67309F27F945D9AC4 /* Frameworks */,
			);
			sourceTree = "<group>";
		};
		1B244E83224CA01700415791 /* Products */ = {
			isa = PBXGroup;
			children = (
				1B244E82224CA01700415791 /* ICON-tracker.app */,
			);
			name = Products;
			sourceTree = "<group>";
		};
		1B244E84224CA01700415791 /* ICON-tracker */ = {
			isa = PBXGroup;
			children = (
				1B244E89224CA01700415791 /* Main.storyboard */,
				1BEFED21224DB5DB00CCDD1F /* Networking */,
				1BF347782271ACCB00FDE66F /* SettingTab */,
				1BF347772271ACB400FDE66F /* TransactionTab */,
				1BE53B80225591A800AC6397 /* Model */,
				1B244E91224CA01A00415791 /* Info.plist */,
				1BF335A32251D29700A1F2D8 /* Utils.swift */,
				1BF335A72251FD9500A1F2D8 /* Logger.swift */,
				1B1DA15F225C69C700338383 /* Theme.swift */,
				1BE53B862255AC2800AC6397 /* Support Files */,
			);
			path = "ICON-tracker";
			sourceTree = "<group>";
		};
		1BE53B80225591A800AC6397 /* Model */ = {
			isa = PBXGroup;
			children = (
				1BBFF8FB22531CDC00471174 /* Response.swift */,
				1BF335A52251EDD300A1F2D8 /* TrackerResponse.swift */,
				1BE53B832255A9B200AC6397 /* Error.swift */,
			);
			path = Model;
			sourceTree = "<group>";
		};
		1BE53B862255AC2800AC6397 /* Support Files */ = {
			isa = PBXGroup;
			children = (
				1B244E85224CA01700415791 /* AppDelegate.swift */,
				1B244E8E224CA01A00415791 /* LaunchScreen.storyboard */,
				1B244E8C224CA01A00415791 /* Assets.xcassets */,
			);
			path = "Support Files";
			sourceTree = "<group>";
		};
		1BEFED21224DB5DB00CCDD1F /* Networking */ = {
			isa = PBXGroup;
			children = (
				1BEFED22224DBA2900CCDD1F /* URL.swift */,
				1BEFED28224DDAE900CCDD1F /* Requests.swift */,
			);
			path = Networking;
			sourceTree = "<group>";
		};
		1BF347772271ACB400FDE66F /* TransactionTab */ = {
			isa = PBXGroup;
			children = (
				1BF3477B2271ADF200FDE66F /* Blocks */,
				1BF3477C2271ADFD00FDE66F /* Transactions */,
				1BE53B872255D04700AC6397 /* TransactionViewModel.swift */,
				1BEFED24224DC5C200CCDD1F /* TransactionTab.storyboard */,
				1BF335A12251CEBB00A1F2D8 /* TransactionTabViewController.swift */,
			);
			path = TransactionTab;
			sourceTree = "<group>";
		};
		1BF347782271ACCB00FDE66F /* SettingTab */ = {
			isa = PBXGroup;
			children = (
				1BF3477A2271ADD400FDE66F /* ChooseNetwork */,
				1B1DA15B225C3E4000338383 /* SettingViewModel.swift */,
				1B1DA15D225C488D00338383 /* SettingTabTableViewCell.swift */,
				1B1DA156225C3CFF00338383 /* SettingTabViewController.swift */,
				1B1DA158225C3D1900338383 /* SettingTab.storyboard */,
			);
			path = SettingTab;
			sourceTree = "<group>";
		};
		1BF3477A2271ADD400FDE66F /* ChooseNetwork */ = {
			isa = PBXGroup;
			children = (
				1B1EA63C2256E49500371478 /* ChooseNetworkViewModel.swift */,
				1B1EA6382256E45300371478 /* ChooseNetworkViewController.swift */,
				1B1EA6362256E2A600371478 /* ChooseNetwork.storyboard */,
			);
			path = ChooseNetwork;
			sourceTree = "<group>";
		};
		1BF3477B2271ADF200FDE66F /* Blocks */ = {
			isa = PBXGroup;
			children = (
				1B9D32022266E40300E40981 /* ChildAViewController.swift */,
				1B3FFA7C22781E5C005D7A32 /* ChildATableViewCell.swift */,
				1BE0065D227ADFCF00095F25 /* BlockDetailViewModel.swift */,
				1BE00657227ADA8100095F25 /* BlockDetailViewController.swift */,
				1BE00659227ADA9000095F25 /* BlockDetail.storyboard */,
				1BF57142228143F600BFF318 /* BlockDetailTableViewCell.swift */,
			);
			path = Blocks;
			sourceTree = "<group>";
		};
		1BF3477C2271ADFD00FDE66F /* Transactions */ = {
			isa = PBXGroup;
			children = (
				1BD96A93226EB70E0062D575 /* ChildBTableViewCell.swift */,
				1B9D32042266E9A800E40981 /* ChildBViewController.swift */,
				1BD290E7226D8A9B00C5855E /* TransactionDetailViewModel.swift */,
				1BD290EA226DB20800C5855E /* TransactionDetail.storyboard */,
				1BD290E5226D88E600C5855E /* TransactionDetailViewController.swift */,
			);
			path = Transactions;
			sourceTree = "<group>";
		};
		77D7DE165EF9C77BBE9572CD /* Pods */ = {
			isa = PBXGroup;
			children = (
				32F4959DDAF2580F6CB19470 /* Pods-ICON-tracker.debug.xcconfig */,
				162776705E959FC628F9C55E /* Pods-ICON-tracker.release.xcconfig */,
			);
			name = Pods;
			sourceTree = "<group>";
		};
		D3AA5EB67309F27F945D9AC4 /* Frameworks */ = {
			isa = PBXGroup;
			children = (
				3060F336CAD11B0064FF47F0 /* Pods_ICON_tracker.framework */,
			);
			name = Frameworks;
			sourceTree = "<group>";
		};
/* End PBXGroup section */

/* Begin PBXNativeTarget section */
		1B244E81224CA01700415791 /* ICON-tracker */ = {
			isa = PBXNativeTarget;
			buildConfigurationList = 1B244E94224CA01A00415791 /* Build configuration list for PBXNativeTarget "ICON-tracker" */;
			buildPhases = (
				A238CC24467D5949F7B742BC /* [CP] Check Pods Manifest.lock */,
				1B244E7E224CA01700415791 /* Sources */,
				1B244E7F224CA01700415791 /* Frameworks */,
				1B244E80224CA01700415791 /* Resources */,
				08D0E6A550FFCC60B6ACC211 /* [CP] Embed Pods Frameworks */,
			);
			buildRules = (
			);
			dependencies = (
			);
			name = "ICON-tracker";
			productName = "ICON-tracker";
			productReference = 1B244E82224CA01700415791 /* ICON-tracker.app */;
			productType = "com.apple.product-type.application";
		};
/* End PBXNativeTarget section */

/* Begin PBXProject section */
		1B244E7A224CA01700415791 /* Project object */ = {
			isa = PBXProject;
			attributes = {
				LastSwiftUpdateCheck = 1020;
				LastUpgradeCheck = 1020;
				ORGANIZATIONNAME = "Seungyeon Lee";
				TargetAttributes = {
					1B244E81224CA01700415791 = {
						CreatedOnToolsVersion = 10.2;
					};
				};
			};
			buildConfigurationList = 1B244E7D224CA01700415791 /* Build configuration list for PBXProject "ICON-tracker" */;
			compatibilityVersion = "Xcode 9.3";
			developmentRegion = en;
			hasScannedForEncodings = 0;
			knownRegions = (
				en,
				Base,
			);
			mainGroup = 1B244E79224CA01700415791;
			productRefGroup = 1B244E83224CA01700415791 /* Products */;
			projectDirPath = "";
			projectRoot = "";
			targets = (
				1B244E81224CA01700415791 /* ICON-tracker */,
			);
		};
/* End PBXProject section */

/* Begin PBXResourcesBuildPhase section */
		1B244E80224CA01700415791 /* Resources */ = {
			isa = PBXResourcesBuildPhase;
			buildActionMask = 2147483647;
			files = (
				1B244E90224CA01A00415791 /* LaunchScreen.storyboard in Resources */,
				1B244E8D224CA01A00415791 /* Assets.xcassets in Resources */,
				1BEFED25224DC5C200CCDD1F /* TransactionTab.storyboard in Resources */,
				1BE0065A227ADA9000095F25 /* BlockDetail.storyboard in Resources */,
				1B1DA159225C3D1900338383 /* SettingTab.storyboard in Resources */,
				1B244E8B224CA01700415791 /* Main.storyboard in Resources */,
				1B1EA6372256E2A600371478 /* ChooseNetwork.storyboard in Resources */,
				1BD290EB226DB20900C5855E /* TransactionDetail.storyboard in Resources */,
			);
			runOnlyForDeploymentPostprocessing = 0;
		};
/* End PBXResourcesBuildPhase section */

/* Begin PBXShellScriptBuildPhase section */
		08D0E6A550FFCC60B6ACC211 /* [CP] Embed Pods Frameworks */ = {
			isa = PBXShellScriptBuildPhase;
			buildActionMask = 2147483647;
			files = (
			);
			inputFileListPaths = (
			);
			inputPaths = (
				"${PODS_ROOT}/Target Support Files/Pods-ICON-tracker/Pods-ICON-tracker-frameworks.sh",
				"${BUILT_PRODUCTS_DIR}/BigInt/BigInt.framework",
				"${BUILT_PRODUCTS_DIR}/Charts/Charts.framework",
				"${BUILT_PRODUCTS_DIR}/CryptoSwift/CryptoSwift.framework",
				"${BUILT_PRODUCTS_DIR}/Differentiator/Differentiator.framework",
				"${BUILT_PRODUCTS_DIR}/ICONKit/ICONKit.framework",
				"${BUILT_PRODUCTS_DIR}/Result/Result.framework",
				"${BUILT_PRODUCTS_DIR}/RxCocoa/RxCocoa.framework",
				"${BUILT_PRODUCTS_DIR}/RxDataSources/RxDataSources.framework",
				"${BUILT_PRODUCTS_DIR}/RxSwift/RxSwift.framework",
				"${BUILT_PRODUCTS_DIR}/RxTheme/RxTheme.framework",
				"${BUILT_PRODUCTS_DIR}/scrypt/scrypt.framework",
				"${BUILT_PRODUCTS_DIR}/secp256k1_ios/secp256k1_ios.framework",
			);
			name = "[CP] Embed Pods Frameworks";
			outputFileListPaths = (
			);
			outputPaths = (
				"${TARGET_BUILD_DIR}/${FRAMEWORKS_FOLDER_PATH}/BigInt.framework",
				"${TARGET_BUILD_DIR}/${FRAMEWORKS_FOLDER_PATH}/Charts.framework",
				"${TARGET_BUILD_DIR}/${FRAMEWORKS_FOLDER_PATH}/CryptoSwift.framework",
				"${TARGET_BUILD_DIR}/${FRAMEWORKS_FOLDER_PATH}/Differentiator.framework",
				"${TARGET_BUILD_DIR}/${FRAMEWORKS_FOLDER_PATH}/ICONKit.framework",
				"${TARGET_BUILD_DIR}/${FRAMEWORKS_FOLDER_PATH}/Result.framework",
				"${TARGET_BUILD_DIR}/${FRAMEWORKS_FOLDER_PATH}/RxCocoa.framework",
				"${TARGET_BUILD_DIR}/${FRAMEWORKS_FOLDER_PATH}/RxDataSources.framework",
				"${TARGET_BUILD_DIR}/${FRAMEWORKS_FOLDER_PATH}/RxSwift.framework",
				"${TARGET_BUILD_DIR}/${FRAMEWORKS_FOLDER_PATH}/RxTheme.framework",
				"${TARGET_BUILD_DIR}/${FRAMEWORKS_FOLDER_PATH}/scrypt.framework",
				"${TARGET_BUILD_DIR}/${FRAMEWORKS_FOLDER_PATH}/secp256k1_ios.framework",
			);
			runOnlyForDeploymentPostprocessing = 0;
			shellPath = /bin/sh;
			shellScript = "\"${PODS_ROOT}/Target Support Files/Pods-ICON-tracker/Pods-ICON-tracker-frameworks.sh\"\n";
			showEnvVarsInLog = 0;
		};
		A238CC24467D5949F7B742BC /* [CP] Check Pods Manifest.lock */ = {
			isa = PBXShellScriptBuildPhase;
			buildActionMask = 2147483647;
			files = (
			);
			inputFileListPaths = (
			);
			inputPaths = (
				"${PODS_PODFILE_DIR_PATH}/Podfile.lock",
				"${PODS_ROOT}/Manifest.lock",
			);
			name = "[CP] Check Pods Manifest.lock";
			outputFileListPaths = (
			);
			outputPaths = (
				"$(DERIVED_FILE_DIR)/Pods-ICON-tracker-checkManifestLockResult.txt",
			);
			runOnlyForDeploymentPostprocessing = 0;
			shellPath = /bin/sh;
			shellScript = "diff \"${PODS_PODFILE_DIR_PATH}/Podfile.lock\" \"${PODS_ROOT}/Manifest.lock\" > /dev/null\nif [ $? != 0 ] ; then\n    # print error to STDERR\n    echo \"error: The sandbox is not in sync with the Podfile.lock. Run 'pod install' or update your CocoaPods installation.\" >&2\n    exit 1\nfi\n# This output is used by Xcode 'outputs' to avoid re-running this script phase.\necho \"SUCCESS\" > \"${SCRIPT_OUTPUT_FILE_0}\"\n";
			showEnvVarsInLog = 0;
		};
/* End PBXShellScriptBuildPhase section */

/* Begin PBXSourcesBuildPhase section */
		1B244E7E224CA01700415791 /* Sources */ = {
			isa = PBXSourcesBuildPhase;
			buildActionMask = 2147483647;
			files = (
				1B1EA63D2256E49500371478 /* ChooseNetworkViewModel.swift in Sources */,
				1B1DA15C225C3E4000338383 /* SettingViewModel.swift in Sources */,
				1BD96A94226EB70E0062D575 /* ChildBTableViewCell.swift in Sources */,
				1BF335A22251CEBB00A1F2D8 /* TransactionTabViewController.swift in Sources */,
				1BE00658227ADA8100095F25 /* BlockDetailViewController.swift in Sources */,
				1B9D32032266E40300E40981 /* ChildAViewController.swift in Sources */,
				1BD290E6226D88E600C5855E /* TransactionDetailViewController.swift in Sources */,
				1B9D32052266E9A800E40981 /* ChildBViewController.swift in Sources */,
				1BEFED29224DDAE900CCDD1F /* Requests.swift in Sources */,
				1B1DA15E225C488D00338383 /* SettingTabTableViewCell.swift in Sources */,
				1B1EA6392256E45300371478 /* ChooseNetworkViewController.swift in Sources */,
				1BF57143228143F600BFF318 /* BlockDetailTableViewCell.swift in Sources */,
				1BE53B842255A9B200AC6397 /* Error.swift in Sources */,
				1BBFF8FC22531CDD00471174 /* Response.swift in Sources */,
				1BF335A62251EDD300A1F2D8 /* TrackerResponse.swift in Sources */,
				1BD290E8226D8A9B00C5855E /* TransactionDetailViewModel.swift in Sources */,
				1BE0065E227ADFCF00095F25 /* BlockDetailViewModel.swift in Sources */,
				1B1DA160225C69C700338383 /* Theme.swift in Sources */,
				1B244E86224CA01700415791 /* AppDelegate.swift in Sources */,
				1B1DA157225C3CFF00338383 /* SettingTabViewController.swift in Sources */,
				1BEFED23224DBA2900CCDD1F /* URL.swift in Sources */,
				1BF335A42251D29700A1F2D8 /* Utils.swift in Sources */,
				1BF335A82251FD9500A1F2D8 /* Logger.swift in Sources */,
				1B3FFA7D22781E5C005D7A32 /* ChildATableViewCell.swift in Sources */,
				1BE53B882255D04700AC6397 /* TransactionViewModel.swift in Sources */,
			);
			runOnlyForDeploymentPostprocessing = 0;
		};
/* End PBXSourcesBuildPhase section */

/* Begin PBXVariantGroup section */
		1B244E89224CA01700415791 /* Main.storyboard */ = {
			isa = PBXVariantGroup;
			children = (
				1B244E8A224CA01700415791 /* Base */,
			);
			name = Main.storyboard;
			sourceTree = "<group>";
		};
		1B244E8E224CA01A00415791 /* LaunchScreen.storyboard */ = {
			isa = PBXVariantGroup;
			children = (
				1B244E8F224CA01A00415791 /* Base */,
			);
			name = LaunchScreen.storyboard;
			sourceTree = "<group>";
		};
/* End PBXVariantGroup section */

/* Begin XCBuildConfiguration section */
		1B244E92224CA01A00415791 /* Debug */ = {
			isa = XCBuildConfiguration;
			buildSettings = {
				ALWAYS_SEARCH_USER_PATHS = NO;
				CLANG_ANALYZER_NONNULL = YES;
				CLANG_ANALYZER_NUMBER_OBJECT_CONVERSION = YES_AGGRESSIVE;
				CLANG_CXX_LANGUAGE_STANDARD = "gnu++14";
				CLANG_CXX_LIBRARY = "libc++";
				CLANG_ENABLE_MODULES = YES;
				CLANG_ENABLE_OBJC_ARC = YES;
				CLANG_ENABLE_OBJC_WEAK = YES;
				CLANG_WARN_BLOCK_CAPTURE_AUTORELEASING = YES;
				CLANG_WARN_BOOL_CONVERSION = YES;
				CLANG_WARN_COMMA = YES;
				CLANG_WARN_CONSTANT_CONVERSION = YES;
				CLANG_WARN_DEPRECATED_OBJC_IMPLEMENTATIONS = YES;
				CLANG_WARN_DIRECT_OBJC_ISA_USAGE = YES_ERROR;
				CLANG_WARN_DOCUMENTATION_COMMENTS = YES;
				CLANG_WARN_EMPTY_BODY = YES;
				CLANG_WARN_ENUM_CONVERSION = YES;
				CLANG_WARN_INFINITE_RECURSION = YES;
				CLANG_WARN_INT_CONVERSION = YES;
				CLANG_WARN_NON_LITERAL_NULL_CONVERSION = YES;
				CLANG_WARN_OBJC_IMPLICIT_RETAIN_SELF = YES;
				CLANG_WARN_OBJC_LITERAL_CONVERSION = YES;
				CLANG_WARN_OBJC_ROOT_CLASS = YES_ERROR;
				CLANG_WARN_RANGE_LOOP_ANALYSIS = YES;
				CLANG_WARN_STRICT_PROTOTYPES = YES;
				CLANG_WARN_SUSPICIOUS_MOVE = YES;
				CLANG_WARN_UNGUARDED_AVAILABILITY = YES_AGGRESSIVE;
				CLANG_WARN_UNREACHABLE_CODE = YES;
				CLANG_WARN__DUPLICATE_METHOD_MATCH = YES;
				CODE_SIGN_IDENTITY = "iPhone Developer";
				COPY_PHASE_STRIP = NO;
				DEBUG_INFORMATION_FORMAT = dwarf;
				ENABLE_STRICT_OBJC_MSGSEND = YES;
				ENABLE_TESTABILITY = YES;
				GCC_C_LANGUAGE_STANDARD = gnu11;
				GCC_DYNAMIC_NO_PIC = NO;
				GCC_NO_COMMON_BLOCKS = YES;
				GCC_OPTIMIZATION_LEVEL = 0;
				GCC_PREPROCESSOR_DEFINITIONS = (
					"DEBUG=1",
					"$(inherited)",
				);
				GCC_WARN_64_TO_32_BIT_CONVERSION = YES;
				GCC_WARN_ABOUT_RETURN_TYPE = YES_ERROR;
				GCC_WARN_UNDECLARED_SELECTOR = YES;
				GCC_WARN_UNINITIALIZED_AUTOS = YES_AGGRESSIVE;
				GCC_WARN_UNUSED_FUNCTION = YES;
				GCC_WARN_UNUSED_VARIABLE = YES;
				IPHONEOS_DEPLOYMENT_TARGET = 12.2;
				MTL_ENABLE_DEBUG_INFO = INCLUDE_SOURCE;
				MTL_FAST_MATH = YES;
				ONLY_ACTIVE_ARCH = YES;
				SDKROOT = iphoneos;
				SWIFT_ACTIVE_COMPILATION_CONDITIONS = DEBUG;
				SWIFT_OPTIMIZATION_LEVEL = "-Onone";
			};
			name = Debug;
		};
		1B244E93224CA01A00415791 /* Release */ = {
			isa = XCBuildConfiguration;
			buildSettings = {
				ALWAYS_SEARCH_USER_PATHS = NO;
				CLANG_ANALYZER_NONNULL = YES;
				CLANG_ANALYZER_NUMBER_OBJECT_CONVERSION = YES_AGGRESSIVE;
				CLANG_CXX_LANGUAGE_STANDARD = "gnu++14";
				CLANG_CXX_LIBRARY = "libc++";
				CLANG_ENABLE_MODULES = YES;
				CLANG_ENABLE_OBJC_ARC = YES;
				CLANG_ENABLE_OBJC_WEAK = YES;
				CLANG_WARN_BLOCK_CAPTURE_AUTORELEASING = YES;
				CLANG_WARN_BOOL_CONVERSION = YES;
				CLANG_WARN_COMMA = YES;
				CLANG_WARN_CONSTANT_CONVERSION = YES;
				CLANG_WARN_DEPRECATED_OBJC_IMPLEMENTATIONS = YES;
				CLANG_WARN_DIRECT_OBJC_ISA_USAGE = YES_ERROR;
				CLANG_WARN_DOCUMENTATION_COMMENTS = YES;
				CLANG_WARN_EMPTY_BODY = YES;
				CLANG_WARN_ENUM_CONVERSION = YES;
				CLANG_WARN_INFINITE_RECURSION = YES;
				CLANG_WARN_INT_CONVERSION = YES;
				CLANG_WARN_NON_LITERAL_NULL_CONVERSION = YES;
				CLANG_WARN_OBJC_IMPLICIT_RETAIN_SELF = YES;
				CLANG_WARN_OBJC_LITERAL_CONVERSION = YES;
				CLANG_WARN_OBJC_ROOT_CLASS = YES_ERROR;
				CLANG_WARN_RANGE_LOOP_ANALYSIS = YES;
				CLANG_WARN_STRICT_PROTOTYPES = YES;
				CLANG_WARN_SUSPICIOUS_MOVE = YES;
				CLANG_WARN_UNGUARDED_AVAILABILITY = YES_AGGRESSIVE;
				CLANG_WARN_UNREACHABLE_CODE = YES;
				CLANG_WARN__DUPLICATE_METHOD_MATCH = YES;
				CODE_SIGN_IDENTITY = "iPhone Developer";
				COPY_PHASE_STRIP = NO;
				DEBUG_INFORMATION_FORMAT = "dwarf-with-dsym";
				ENABLE_NS_ASSERTIONS = NO;
				ENABLE_STRICT_OBJC_MSGSEND = YES;
				GCC_C_LANGUAGE_STANDARD = gnu11;
				GCC_NO_COMMON_BLOCKS = YES;
				GCC_WARN_64_TO_32_BIT_CONVERSION = YES;
				GCC_WARN_ABOUT_RETURN_TYPE = YES_ERROR;
				GCC_WARN_UNDECLARED_SELECTOR = YES;
				GCC_WARN_UNINITIALIZED_AUTOS = YES_AGGRESSIVE;
				GCC_WARN_UNUSED_FUNCTION = YES;
				GCC_WARN_UNUSED_VARIABLE = YES;
				IPHONEOS_DEPLOYMENT_TARGET = 12.2;
				MTL_ENABLE_DEBUG_INFO = NO;
				MTL_FAST_MATH = YES;
				SDKROOT = iphoneos;
				SWIFT_COMPILATION_MODE = wholemodule;
				SWIFT_OPTIMIZATION_LEVEL = "-O";
				VALIDATE_PRODUCT = YES;
			};
			name = Release;
		};
		1B244E95224CA01A00415791 /* Debug */ = {
			isa = XCBuildConfiguration;
			baseConfigurationReference = 32F4959DDAF2580F6CB19470 /* Pods-ICON-tracker.debug.xcconfig */;
			buildSettings = {
				ASSETCATALOG_COMPILER_APPICON_NAME = AppIcon;
				CODE_SIGN_IDENTITY = "iPhone Developer";
				CODE_SIGN_STYLE = Automatic;
				DEVELOPMENT_TEAM = BX5JP2585T;
				INFOPLIST_FILE = "ICON-tracker/Info.plist";
				LD_RUNPATH_SEARCH_PATHS = (
					"$(inherited)",
					"@executable_path/Frameworks",
				);
				PRODUCT_BUNDLE_IDENTIFIER = "io.github.sweepty.ICON-tracker";
				PRODUCT_NAME = "$(TARGET_NAME)";
				PROVISIONING_PROFILE_SPECIFIER = "";
				SWIFT_VERSION = 5.0;
				TARGETED_DEVICE_FAMILY = "1,2";
			};
			name = Debug;
		};
		1B244E96224CA01A00415791 /* Release */ = {
			isa = XCBuildConfiguration;
			baseConfigurationReference = 162776705E959FC628F9C55E /* Pods-ICON-tracker.release.xcconfig */;
			buildSettings = {
				ASSETCATALOG_COMPILER_APPICON_NAME = AppIcon;
				CODE_SIGN_IDENTITY = "iPhone Developer";
				CODE_SIGN_STYLE = Automatic;
				DEVELOPMENT_TEAM = BX5JP2585T;
				INFOPLIST_FILE = "ICON-tracker/Info.plist";
				LD_RUNPATH_SEARCH_PATHS = (
					"$(inherited)",
					"@executable_path/Frameworks",
				);
				PRODUCT_BUNDLE_IDENTIFIER = "io.github.sweepty.ICON-tracker";
				PRODUCT_NAME = "$(TARGET_NAME)";
				PROVISIONING_PROFILE_SPECIFIER = "";
				SWIFT_VERSION = 5.0;
				TARGETED_DEVICE_FAMILY = "1,2";
			};
			name = Release;
		};
/* End XCBuildConfiguration section */

/* Begin XCConfigurationList section */
		1B244E7D224CA01700415791 /* Build configuration list for PBXProject "ICON-tracker" */ = {
			isa = XCConfigurationList;
			buildConfigurations = (
				1B244E92224CA01A00415791 /* Debug */,
				1B244E93224CA01A00415791 /* Release */,
			);
			defaultConfigurationIsVisible = 0;
			defaultConfigurationName = Release;
		};
		1B244E94224CA01A00415791 /* Build configuration list for PBXNativeTarget "ICON-tracker" */ = {
			isa = XCConfigurationList;
			buildConfigurations = (
				1B244E95224CA01A00415791 /* Debug */,
				1B244E96224CA01A00415791 /* Release */,
			);
			defaultConfigurationIsVisible = 0;
			defaultConfigurationName = Release;
		};
/* End XCConfigurationList section */
	};
	rootObject = 1B244E7A224CA01700415791 /* Project object */;
}
